
Microsoft Visual Studio Solution File, Format Version 12.00
# Visual Studio Version 17
VisualStudioVersion = 17.8.34330.188
MinimumVisualStudioVersion = 10.0.40219.1
Project("{FAE04EC0-301F-11D3-BF4B-00C04F79EFBC}") = "AtleticusAPI", "AtleticusAPI\AtleticusAPI.csproj", "{B07AB6E1-C203-4595-A237-D4AB8850F2C9}"
EndProject
Global
	GlobalSection(SolutionConfigurationPlatforms) = preSolution
		Debug|Any CPU = Debug|Any CPU
		Release|Any CPU = Release|Any CPU
	EndGlobalSection
	GlobalSection(ProjectConfigurationPlatforms) = postSolution
		{B07AB6E1-C203-4595-A237-D4AB8850F2C9}.Debug|Any CPU.ActiveCfg = Debug|Any CPU
		{B07AB6E1-C203-4595-A237-D4AB8850F2C9}.Debug|Any CPU.Build.0 = Debug|Any CPU
		{B07AB6E1-C203-4595-A237-D4AB8850F2C9}.Release|Any CPU.ActiveCfg = Release|Any CPU
		{B07AB6E1-C203-4595-A237-D4AB8850F2C9}.Release|Any CPU.Build.0 = Release|Any CPU
	EndGlobalSection
	GlobalSection(SolutionProperties) = preSolution
		HideSolutionNode = FALSE
	EndGlobalSection
	GlobalSection(ExtensibilityGlobals) = postSolution
		SolutionGuid = {1488B735-19EF-4660-B7CC-70BD90773B1B}
	EndGlobalSection
EndGlobal
